
Microsoft Visual Studio Solution File, Format Version 12.00
# Visual Studio Version 17
VisualStudioVersion = 17.7.34024.191
MinimumVisualStudioVersion = 10.0.40219.1
Project("{FAE04EC0-301F-11D3-BF4B-00C04F79EFBC}") = "ProjectCAI203", "ProjectCAI203.csproj", "{EEF6F6D3-D40D-4492-95F9-D531EDCD55E6}"
EndProject
Project("{FAE04EC0-301F-11D3-BF4B-00C04F79EFBC}") = "Collection", "..\Collection\Collection.csproj", "{853009E0-0C54-4F76-8A7A-BEEBDABB48FF}"
EndProject
Project("{FAE04EC0-301F-11D3-BF4B-00C04F79EFBC}") = "CW1", "..\CW1\CW1.csproj", "{4608A53A-05C4-42EF-BCBC-459D72A04EE8}"
EndProject
Global
	GlobalSection(SolutionConfigurationPlatforms) = preSolution
		Debug|Any CPU = Debug|Any CPU
		Release|Any CPU = Release|Any CPU
	EndGlobalSection
	GlobalSection(ProjectConfigurationPlatforms) = postSolution
		{EEF6F6D3-D40D-4492-95F9-D531EDCD55E6}.Debug|Any CPU.ActiveCfg = Debug|Any CPU
		{EEF6F6D3-D40D-4492-95F9-D531EDCD55E6}.Debug|Any CPU.Build.0 = Debug|Any CPU
		{EEF6F6D3-D40D-4492-95F9-D531EDCD55E6}.Release|Any CPU.ActiveCfg = Release|Any CPU
		{EEF6F6D3-D40D-4492-95F9-D531EDCD55E6}.Release|Any CPU.Build.0 = Release|Any CPU
		{853009E0-0C54-4F76-8A7A-BEEBDABB48FF}.Debug|Any CPU.ActiveCfg = Debug|Any CPU
		{853009E0-0C54-4F76-8A7A-BEEBDABB48FF}.Debug|Any CPU.Build.0 = Debug|Any CPU
		{853009E0-0C54-4F76-8A7A-BEEBDABB48FF}.Release|Any CPU.ActiveCfg = Release|Any CPU
		{853009E0-0C54-4F76-8A7A-BEEBDABB48FF}.Release|Any CPU.Build.0 = Release|Any CPU
		{4608A53A-05C4-42EF-BCBC-459D72A04EE8}.Debug|Any CPU.ActiveCfg = Debug|Any CPU
		{4608A53A-05C4-42EF-BCBC-459D72A04EE8}.Debug|Any CPU.Build.0 = Debug|Any CPU
		{4608A53A-05C4-42EF-BCBC-459D72A04EE8}.Release|Any CPU.ActiveCfg = Release|Any CPU
		{4608A53A-05C4-42EF-BCBC-459D72A04EE8}.Release|Any CPU.Build.0 = Release|Any CPU
	EndGlobalSection
	GlobalSection(SolutionProperties) = preSolution
		HideSolutionNode = FALSE
	EndGlobalSection
	GlobalSection(ExtensibilityGlobals) = postSolution
		SolutionGuid = {C61D8CD0-4DB3-41EF-B0EE-896ED2ABCBC7}
	EndGlobalSection
EndGlobal
